
Microsoft Visual Studio Solution File, Format Version 12.00
# Visual Studio Version 17
VisualStudioVersion = 17.2.32505.173
MinimumVisualStudioVersion = 10.0.40219.1
Project("{FAE04EC0-301F-11D3-BF4B-00C04F79EFBC}") = "TelegramBotTest", "TelegramBotTest\TelegramBotTest.csproj", "{64E78512-217D-4DBA-A767-301E529B6AFC}"
EndProject
Global
	GlobalSection(SolutionConfigurationPlatforms) = preSolution
		Debug|Any CPU = Debug|Any CPU
		Release|Any CPU = Release|Any CPU
	EndGlobalSection
	GlobalSection(ProjectConfigurationPlatforms) = postSolution
		{64E78512-217D-4DBA-A767-301E529B6AFC}.Debug|Any CPU.ActiveCfg = Debug|Any CPU
		{64E78512-217D-4DBA-A767-301E529B6AFC}.Debug|Any CPU.Build.0 = Debug|Any CPU
		{64E78512-217D-4DBA-A767-301E529B6AFC}.Release|Any CPU.ActiveCfg = Release|Any CPU
		{64E78512-217D-4DBA-A767-301E529B6AFC}.Release|Any CPU.Build.0 = Release|Any CPU
	EndGlobalSection
	GlobalSection(SolutionProperties) = preSolution
		HideSolutionNode = FALSE
	EndGlobalSection
	GlobalSection(ExtensibilityGlobals) = postSolution
		SolutionGuid = {AE2369B1-4BA5-4E86-9556-5EB7B99CDF8D}
	EndGlobalSection
EndGlobal
